
Microsoft Visual Studio Solution File, Format Version 12.00
# Visual Studio Version 16
VisualStudioVersion = 16.0.30907.101
MinimumVisualStudioVersion = 10.0.40219.1
Project("{FAE04EC0-301F-11D3-BF4B-00C04F79EFBC}") = "ARMS.v2", "ARMS.v2\ARMS.v2.csproj", "{247398A0-6BFB-4229-93F4-30B33CCB2371}"
EndProject
Global
	GlobalSection(SolutionConfigurationPlatforms) = preSolution
		Debug|Any CPU = Debug|Any CPU
		Release|Any CPU = Release|Any CPU
	EndGlobalSection
	GlobalSection(ProjectConfigurationPlatforms) = postSolution
		{247398A0-6BFB-4229-93F4-30B33CCB2371}.Debug|Any CPU.ActiveCfg = Debug|Any CPU
		{247398A0-6BFB-4229-93F4-30B33CCB2371}.Debug|Any CPU.Build.0 = Debug|Any CPU
		{247398A0-6BFB-4229-93F4-30B33CCB2371}.Release|Any CPU.ActiveCfg = Release|Any CPU
		{247398A0-6BFB-4229-93F4-30B33CCB2371}.Release|Any CPU.Build.0 = Release|Any CPU
	EndGlobalSection
	GlobalSection(SolutionProperties) = preSolution
		HideSolutionNode = FALSE
	EndGlobalSection
	GlobalSection(ExtensibilityGlobals) = postSolution
		SolutionGuid = {1D9DACF9-8D61-4110-AFF2-3014EA45AC81}
	EndGlobalSection
EndGlobal
