
Microsoft Visual Studio Solution File, Format Version 12.00
# Visual Studio Version 17
VisualStudioVersion = 17.2.32516.85
MinimumVisualStudioVersion = 10.0.40219.1
Project("{9A19103F-16F7-4668-BE54-9A1E7A4F7556}") = "Core", "ArmsModels\Core.csproj", "{3960D304-56D0-4EF8-9C1A-7BF61D5DE0DF}"
EndProject
Project("{9A19103F-16F7-4668-BE54-9A1E7A4F7556}") = "DAL", "ArmsServices\DAL.csproj", "{E8FED027-8F2F-4795-992E-926D0B972BBE}"
EndProject
Project("{9A19103F-16F7-4668-BE54-9A1E7A4F7556}") = "Views", "Views\Views.csproj", "{90A9EDF8-080F-4B1F-B16F-0E182ECE0A3B}"
EndProject
Project("{9A19103F-16F7-4668-BE54-9A1E7A4F7556}") = "ArmsAdmin", "ArmsAdmin\ArmsAdmin.csproj", "{0958529E-DB47-47FE-91C3-54E25CE0646F}"
EndProject
Project("{F14B399A-7131-4C87-9E4B-1186C45EF12D}") = "ARMS_Reports", "ARMS_Reports\ARMS_Reports\ARMS_Reports.rptproj", "{EC8E3486-6FAC-4391-AE40-35D416AD01B0}"
EndProject
Global
	GlobalSection(SolutionConfigurationPlatforms) = preSolution
		Debug|Any CPU = Debug|Any CPU
		DebugLocal|Any CPU = DebugLocal|Any CPU
		Release|Any CPU = Release|Any CPU
	EndGlobalSection
	GlobalSection(ProjectConfigurationPlatforms) = postSolution
		{3960D304-56D0-4EF8-9C1A-7BF61D5DE0DF}.Debug|Any CPU.ActiveCfg = Debug|Any CPU
		{3960D304-56D0-4EF8-9C1A-7BF61D5DE0DF}.Debug|Any CPU.Build.0 = Debug|Any CPU
		{3960D304-56D0-4EF8-9C1A-7BF61D5DE0DF}.DebugLocal|Any CPU.ActiveCfg = Debug|Any CPU
		{3960D304-56D0-4EF8-9C1A-7BF61D5DE0DF}.DebugLocal|Any CPU.Build.0 = Debug|Any CPU
		{3960D304-56D0-4EF8-9C1A-7BF61D5DE0DF}.Release|Any CPU.ActiveCfg = Release|Any CPU
		{3960D304-56D0-4EF8-9C1A-7BF61D5DE0DF}.Release|Any CPU.Build.0 = Release|Any CPU
		{E8FED027-8F2F-4795-992E-926D0B972BBE}.Debug|Any CPU.ActiveCfg = Debug|Any CPU
		{E8FED027-8F2F-4795-992E-926D0B972BBE}.Debug|Any CPU.Build.0 = Debug|Any CPU
		{E8FED027-8F2F-4795-992E-926D0B972BBE}.DebugLocal|Any CPU.ActiveCfg = Debug|Any CPU
		{E8FED027-8F2F-4795-992E-926D0B972BBE}.DebugLocal|Any CPU.Build.0 = Debug|Any CPU
		{E8FED027-8F2F-4795-992E-926D0B972BBE}.Release|Any CPU.ActiveCfg = Release|Any CPU
		{E8FED027-8F2F-4795-992E-926D0B972BBE}.Release|Any CPU.Build.0 = Release|Any CPU
		{90A9EDF8-080F-4B1F-B16F-0E182ECE0A3B}.Debug|Any CPU.ActiveCfg = Debug|Any CPU
		{90A9EDF8-080F-4B1F-B16F-0E182ECE0A3B}.Debug|Any CPU.Build.0 = Debug|Any CPU
		{90A9EDF8-080F-4B1F-B16F-0E182ECE0A3B}.DebugLocal|Any CPU.ActiveCfg = Debug|Any CPU
		{90A9EDF8-080F-4B1F-B16F-0E182ECE0A3B}.DebugLocal|Any CPU.Build.0 = Debug|Any CPU
		{90A9EDF8-080F-4B1F-B16F-0E182ECE0A3B}.Release|Any CPU.ActiveCfg = Release|Any CPU
		{90A9EDF8-080F-4B1F-B16F-0E182ECE0A3B}.Release|Any CPU.Build.0 = Release|Any CPU
		{0958529E-DB47-47FE-91C3-54E25CE0646F}.Debug|Any CPU.ActiveCfg = Debug|Any CPU
		{0958529E-DB47-47FE-91C3-54E25CE0646F}.Debug|Any CPU.Build.0 = Debug|Any CPU
		{0958529E-DB47-47FE-91C3-54E25CE0646F}.DebugLocal|Any CPU.ActiveCfg = Debug|Any CPU
		{0958529E-DB47-47FE-91C3-54E25CE0646F}.DebugLocal|Any CPU.Build.0 = Debug|Any CPU
		{0958529E-DB47-47FE-91C3-54E25CE0646F}.Release|Any CPU.ActiveCfg = Release|Any CPU
		{0958529E-DB47-47FE-91C3-54E25CE0646F}.Release|Any CPU.Build.0 = Release|Any CPU
		{EC8E3486-6FAC-4391-AE40-35D416AD01B0}.Debug|Any CPU.ActiveCfg = Debug
		{EC8E3486-6FAC-4391-AE40-35D416AD01B0}.Debug|Any CPU.Build.0 = Debug
		{EC8E3486-6FAC-4391-AE40-35D416AD01B0}.Debug|Any CPU.Deploy.0 = Debug
		{EC8E3486-6FAC-4391-AE40-35D416AD01B0}.DebugLocal|Any CPU.ActiveCfg = DebugLocal
		{EC8E3486-6FAC-4391-AE40-35D416AD01B0}.DebugLocal|Any CPU.Build.0 = DebugLocal
		{EC8E3486-6FAC-4391-AE40-35D416AD01B0}.DebugLocal|Any CPU.Deploy.0 = DebugLocal
		{EC8E3486-6FAC-4391-AE40-35D416AD01B0}.Release|Any CPU.ActiveCfg = Release
		{EC8E3486-6FAC-4391-AE40-35D416AD01B0}.Release|Any CPU.Build.0 = Release
		{EC8E3486-6FAC-4391-AE40-35D416AD01B0}.Release|Any CPU.Deploy.0 = Release
	EndGlobalSection
	GlobalSection(SolutionProperties) = preSolution
		HideSolutionNode = FALSE
	EndGlobalSection
	GlobalSection(ExtensibilityGlobals) = postSolution
		SolutionGuid = {1D9DACF9-8D61-4110-AFF2-3014EA45AC81}
	EndGlobalSection
EndGlobal
